{
  "object": {
    "pins": [
      {
        "package": "Core",
        "repositoryURL": "https://github.com/infrarealism/ari-core.git",
        "state": {
          "branch": "master",
          "revision": "685082d1b0de5cbf45b96b2f6298de9795722c17",
          "version": null
        }
      },
      {
        "package": "Balam",
        "repositoryURL": "https://github.com/catverse/balam.git",
        "state": {
          "branch": "master",
          "revision": "d3be40eec44f3d725ceeef0f913d567740133855",
          "version": null
        }
      }
    ]
  },
  "version": 1
}
